// !$*UTF8*$!
{
	archiveVersion = 1;
	classes = {
	};
	objectVersion = 48;
	objects = {

/* Begin PBXBuildFile section */
		593A5EC02054D51E002C315A /* Airport.swift in Sources */ = {isa = PBXBuildFile; fileRef = 593A5EBF2054D51E002C315A /* Airport.swift */; };
		593A5EC22054D741002C315A /* airports.json in Resources */ = {isa = PBXBuildFile; fileRef = 593A5EC12054D741002C315A /* airports.json */; };
		593A5EC42054F3DF002C315A /* ConfirmationController.swift in Sources */ = {isa = PBXBuildFile; fileRef = 593A5EC32054F3DE002C315A /* ConfirmationController.swift */; };
		597406B9214EE7D2007DE556 /* APIKeys.swift in Sources */ = {isa = PBXBuildFile; fileRef = 597406B8214EE7D2007DE556 /* APIKeys.swift */; };
		597DD4252127F62B00469D18 /* LoginViewController.swift in Sources */ = {isa = PBXBuildFile; fileRef = 597DD4242127F62B00469D18 /* LoginViewController.swift */; };
		597DD4272127F7B400469D18 /* WTUser.swift in Sources */ = {isa = PBXBuildFile; fileRef = 597DD4262127F7B400469D18 /* WTUser.swift */; };
		5981C60B21421FC800034BF0 /* Launch.storyboard in Resources */ = {isa = PBXBuildFile; fileRef = 5981C60A21421FC800034BF0 /* Launch.storyboard */; };
		59CDA2902131E2EB00E84563 /* ProfileDatasource.swift in Sources */ = {isa = PBXBuildFile; fileRef = 59CDA28F2131E2EB00E84563 /* ProfileDatasource.swift */; };
		59CDA2922131E38D00E84563 /* ProfileCells.swift in Sources */ = {isa = PBXBuildFile; fileRef = 59CDA2912131E38D00E84563 /* ProfileCells.swift */; };
		59CDA2942131E5DE00E84563 /* ProfileDatasourceController.swift in Sources */ = {isa = PBXBuildFile; fileRef = 59CDA2932131E5DE00E84563 /* ProfileDatasourceController.swift */; };
		59CDA2972131E92E00E84563 /* Extensions.swift in Sources */ = {isa = PBXBuildFile; fileRef = 59CDA2962131E92E00E84563 /* Extensions.swift */; };
		59E97E2B2050606400A99230 /* AppDelegate.swift in Sources */ = {isa = PBXBuildFile; fileRef = 59E97E2A2050606400A99230 /* AppDelegate.swift */; };
		59E97E322050606400A99230 /* Assets.xcassets in Resources */ = {isa = PBXBuildFile; fileRef = 59E97E312050606400A99230 /* Assets.xcassets */; };
		59E97E3D2050615800A99230 /* CustomTabBarController.swift in Sources */ = {isa = PBXBuildFile; fileRef = 59E97E3C2050615700A99230 /* CustomTabBarController.swift */; };
		59E97E3F205064D900A99230 /* AboutViewController.swift in Sources */ = {isa = PBXBuildFile; fileRef = 59E97E3E205064D900A99230 /* AboutViewController.swift */; };
		59E97E4320506D9800A99230 /* BookViewController.swift in Sources */ = {isa = PBXBuildFile; fileRef = 59E97E4220506D9700A99230 /* BookViewController.swift */; };
		59E97E472050A0A000A99230 /* Booking.swift in Sources */ = {isa = PBXBuildFile; fileRef = 59E97E462050A0A000A99230 /* Booking.swift */; };
		59EC5AE12128FE30002481EF /* Request.swift in Sources */ = {isa = PBXBuildFile; fileRef = 59EC5AE02128FE30002481EF /* Request.swift */; };
		59EC5AE32129009E002481EF /* RequestListDatasourceController.swift in Sources */ = {isa = PBXBuildFile; fileRef = 59EC5AE22129009E002481EF /* RequestListDatasourceController.swift */; };
		59EC5AE6212900CC002481EF /* RequestListDatasource.swift in Sources */ = {isa = PBXBuildFile; fileRef = 59EC5AE5212900CC002481EF /* RequestListDatasource.swift */; };
		59EC5AE921290133002481EF /* StandardHeaderFooter.swift in Sources */ = {isa = PBXBuildFile; fileRef = 59EC5AE821290133002481EF /* StandardHeaderFooter.swift */; };
		59EC5AEB2129014B002481EF /* RequestListCell.swift in Sources */ = {isa = PBXBuildFile; fileRef = 59EC5AEA2129014B002481EF /* RequestListCell.swift */; };
		59EC5AED21290447002481EF /* RequestListDatasourceController+handlers.swift in Sources */ = {isa = PBXBuildFile; fileRef = 59EC5AEC21290447002481EF /* RequestListDatasourceController+handlers.swift */; };
		59EC5AEF21293890002481EF /* RequestAddController.swift in Sources */ = {isa = PBXBuildFile; fileRef = 59EC5AEE21293890002481EF /* RequestAddController.swift */; };
		59F7A8A72131EC650022D698 /* ProfileDatasourceController+handlers.swift in Sources */ = {isa = PBXBuildFile; fileRef = 59F7A8A62131EC650022D698 /* ProfileDatasourceController+handlers.swift */; };
		59F7A8A921326F7A0022D698 /* ProfilePilotDetailController.swift in Sources */ = {isa = PBXBuildFile; fileRef = 59F7A8A821326F7A0022D698 /* ProfilePilotDetailController.swift */; };
		59F7A8AB21331B030022D698 /* Pilot.swift in Sources */ = {isa = PBXBuildFile; fileRef = 59F7A8AA21331B030022D698 /* Pilot.swift */; };
		59F7A8AD213338A30022D698 /* LoginViewController+handlers.swift in Sources */ = {isa = PBXBuildFile; fileRef = 59F7A8AC213338A30022D698 /* LoginViewController+handlers.swift */; };
		59F7A8AF2133A4980022D698 /* RequestDetailController.swift in Sources */ = {isa = PBXBuildFile; fileRef = 59F7A8AE2133A4980022D698 /* RequestDetailController.swift */; };
		59F7A8B8213A64980022D698 /* RequestResponseViewController.swift in Sources */ = {isa = PBXBuildFile; fileRef = 59F7A8B7213A64970022D698 /* RequestResponseViewController.swift */; };
		59F7A8BA213B45810022D698 /* HistoryDatasource.swift in Sources */ = {isa = PBXBuildFile; fileRef = 59F7A8B9213B45810022D698 /* HistoryDatasource.swift */; };
		59F7A8BD213B475D0022D698 /* HistoryDatasourceController.swift in Sources */ = {isa = PBXBuildFile; fileRef = 59F7A8BC213B475D0022D698 /* HistoryDatasourceController.swift */; };
		59F7A8BF213B48750022D698 /* HistoryCells.swift in Sources */ = {isa = PBXBuildFile; fileRef = 59F7A8BE213B48750022D698 /* HistoryCells.swift */; };
		59F7A8C5213E309E0022D698 /* RequestConfirmationController.swift in Sources */ = {isa = PBXBuildFile; fileRef = 59F7A8C4213E309E0022D698 /* RequestConfirmationController.swift */; };
		59F7A8C7213E32520022D698 /* GoogleService-Info.plist in Resources */ = {isa = PBXBuildFile; fileRef = 59F7A8C6213E32520022D698 /* GoogleService-Info.plist */; };
		59F7A8C921401AC60022D698 /* BookViewController+handlers.swift in Sources */ = {isa = PBXBuildFile; fileRef = 59F7A8C821401AC60022D698 /* BookViewController+handlers.swift */; };
		E42EE6D68FF12F8143D89ACB /* Pods_3wt.framework in Frameworks */ = {isa = PBXBuildFile; fileRef = 1D22B0D219185324F425AB11 /* Pods_3wt.framework */; };
/* End PBXBuildFile section */

/* Begin PBXFileReference section */
		1D22B0D219185324F425AB11 /* Pods_3wt.framework */ = {isa = PBXFileReference; explicitFileType = wrapper.framework; includeInIndex = 0; path = Pods_3wt.framework; sourceTree = BUILT_PRODUCTS_DIR; };
		593A5EBF2054D51E002C315A /* Airport.swift */ = {isa = PBXFileReference; lastKnownFileType = sourcecode.swift; path = Airport.swift; sourceTree = "<group>"; };
		593A5EC12054D741002C315A /* airports.json */ = {isa = PBXFileReference; fileEncoding = 4; lastKnownFileType = text.json; path = airports.json; sourceTree = "<group>"; };
		593A5EC32054F3DE002C315A /* ConfirmationController.swift */ = {isa = PBXFileReference; lastKnownFileType = sourcecode.swift; path = ConfirmationController.swift; sourceTree = "<group>"; };
		597406B8214EE7D2007DE556 /* APIKeys.swift */ = {isa = PBXFileReference; lastKnownFileType = sourcecode.swift; path = APIKeys.swift; sourceTree = "<group>"; };
		597DD4242127F62B00469D18 /* LoginViewController.swift */ = {isa = PBXFileReference; lastKnownFileType = sourcecode.swift; path = LoginViewController.swift; sourceTree = "<group>"; };
		597DD4262127F7B400469D18 /* WTUser.swift */ = {isa = PBXFileReference; lastKnownFileType = sourcecode.swift; path = WTUser.swift; sourceTree = "<group>"; };
		5981C60A21421FC800034BF0 /* Launch.storyboard */ = {isa = PBXFileReference; lastKnownFileType = file.storyboard; path = Launch.storyboard; sourceTree = "<group>"; };
		5981C60C21422D0100034BF0 /* 3wt.entitlements */ = {isa = PBXFileReference; lastKnownFileType = text.plist.entitlements; path = 3wt.entitlements; sourceTree = "<group>"; };
		59CDA28F2131E2EB00E84563 /* ProfileDatasource.swift */ = {isa = PBXFileReference; lastKnownFileType = sourcecode.swift; path = ProfileDatasource.swift; sourceTree = "<group>"; };
		59CDA2912131E38D00E84563 /* ProfileCells.swift */ = {isa = PBXFileReference; lastKnownFileType = sourcecode.swift; path = ProfileCells.swift; sourceTree = "<group>"; };
		59CDA2932131E5DE00E84563 /* ProfileDatasourceController.swift */ = {isa = PBXFileReference; lastKnownFileType = sourcecode.swift; path = ProfileDatasourceController.swift; sourceTree = "<group>"; };
		59CDA2962131E92E00E84563 /* Extensions.swift */ = {isa = PBXFileReference; lastKnownFileType = sourcecode.swift; path = Extensions.swift; sourceTree = "<group>"; };
		59E97E272050606400A99230 /* 3wt.app */ = {isa = PBXFileReference; explicitFileType = wrapper.application; includeInIndex = 0; path = 3wt.app; sourceTree = BUILT_PRODUCTS_DIR; };
		59E97E2A2050606400A99230 /* AppDelegate.swift */ = {isa = PBXFileReference; lastKnownFileType = sourcecode.swift; path = AppDelegate.swift; sourceTree = "<group>"; };
		59E97E312050606400A99230 /* Assets.xcassets */ = {isa = PBXFileReference; lastKnownFileType = folder.assetcatalog; path = Assets.xcassets; sourceTree = "<group>"; };
		59E97E362050606400A99230 /* Info.plist */ = {isa = PBXFileReference; lastKnownFileType = text.plist.xml; path = Info.plist; sourceTree = "<group>"; };
		59E97E3C2050615700A99230 /* CustomTabBarController.swift */ = {isa = PBXFileReference; lastKnownFileType = sourcecode.swift; path = CustomTabBarController.swift; sourceTree = "<group>"; };
		59E97E3E205064D900A99230 /* AboutViewController.swift */ = {isa = PBXFileReference; lastKnownFileType = sourcecode.swift; path = AboutViewController.swift; sourceTree = "<group>"; };
		59E97E4220506D9700A99230 /* BookViewController.swift */ = {isa = PBXFileReference; lastKnownFileType = sourcecode.swift; path = BookViewController.swift; sourceTree = "<group>"; };
		59E97E462050A0A000A99230 /* Booking.swift */ = {isa = PBXFileReference; lastKnownFileType = sourcecode.swift; path = Booking.swift; sourceTree = "<group>"; };
		59EC5AE02128FE30002481EF /* Request.swift */ = {isa = PBXFileReference; lastKnownFileType = sourcecode.swift; path = Request.swift; sourceTree = "<group>"; };
		59EC5AE22129009E002481EF /* RequestListDatasourceController.swift */ = {isa = PBXFileReference; lastKnownFileType = sourcecode.swift; path = RequestListDatasourceController.swift; sourceTree = "<group>"; };
		59EC5AE5212900CC002481EF /* RequestListDatasource.swift */ = {isa = PBXFileReference; lastKnownFileType = sourcecode.swift; path = RequestListDatasource.swift; sourceTree = "<group>"; };
		59EC5AE821290133002481EF /* StandardHeaderFooter.swift */ = {isa = PBXFileReference; lastKnownFileType = sourcecode.swift; path = StandardHeaderFooter.swift; sourceTree = "<group>"; };
		59EC5AEA2129014B002481EF /* RequestListCell.swift */ = {isa = PBXFileReference; lastKnownFileType = sourcecode.swift; path = RequestListCell.swift; sourceTree = "<group>"; };
		59EC5AEC21290447002481EF /* RequestListDatasourceController+handlers.swift */ = {isa = PBXFileReference; lastKnownFileType = sourcecode.swift; path = "RequestListDatasourceController+handlers.swift"; sourceTree = "<group>"; };
		59EC5AEE21293890002481EF /* RequestAddController.swift */ = {isa = PBXFileReference; lastKnownFileType = sourcecode.swift; path = RequestAddController.swift; sourceTree = "<group>"; };
		59F7A8A62131EC650022D698 /* ProfileDatasourceController+handlers.swift */ = {isa = PBXFileReference; lastKnownFileType = sourcecode.swift; path = "ProfileDatasourceController+handlers.swift"; sourceTree = "<group>"; };
		59F7A8A821326F7A0022D698 /* ProfilePilotDetailController.swift */ = {isa = PBXFileReference; lastKnownFileType = sourcecode.swift; path = ProfilePilotDetailController.swift; sourceTree = "<group>"; };
		59F7A8AA21331B030022D698 /* Pilot.swift */ = {isa = PBXFileReference; lastKnownFileType = sourcecode.swift; path = Pilot.swift; sourceTree = "<group>"; };
		59F7A8AC213338A30022D698 /* LoginViewController+handlers.swift */ = {isa = PBXFileReference; lastKnownFileType = sourcecode.swift; path = "LoginViewController+handlers.swift"; sourceTree = "<group>"; };
		59F7A8AE2133A4980022D698 /* RequestDetailController.swift */ = {isa = PBXFileReference; lastKnownFileType = sourcecode.swift; path = RequestDetailController.swift; sourceTree = "<group>"; };
		59F7A8B7213A64970022D698 /* RequestResponseViewController.swift */ = {isa = PBXFileReference; lastKnownFileType = sourcecode.swift; path = RequestResponseViewController.swift; sourceTree = "<group>"; };
		59F7A8B9213B45810022D698 /* HistoryDatasource.swift */ = {isa = PBXFileReference; lastKnownFileType = sourcecode.swift; path = HistoryDatasource.swift; sourceTree = "<group>"; };
		59F7A8BC213B475D0022D698 /* HistoryDatasourceController.swift */ = {isa = PBXFileReference; lastKnownFileType = sourcecode.swift; path = HistoryDatasourceController.swift; sourceTree = "<group>"; };
		59F7A8BE213B48750022D698 /* HistoryCells.swift */ = {isa = PBXFileReference; lastKnownFileType = sourcecode.swift; path = HistoryCells.swift; sourceTree = "<group>"; };
		59F7A8C4213E309E0022D698 /* RequestConfirmationController.swift */ = {isa = PBXFileReference; lastKnownFileType = sourcecode.swift; path = RequestConfirmationController.swift; sourceTree = "<group>"; };
		59F7A8C6213E32520022D698 /* GoogleService-Info.plist */ = {isa = PBXFileReference; fileEncoding = 4; lastKnownFileType = text.plist.xml; path = "GoogleService-Info.plist"; sourceTree = "<group>"; };
		59F7A8C821401AC60022D698 /* BookViewController+handlers.swift */ = {isa = PBXFileReference; lastKnownFileType = sourcecode.swift; path = "BookViewController+handlers.swift"; sourceTree = "<group>"; };
		8EC71524764BDEE0E6C8C0AF /* Pods-3wt.debug.xcconfig */ = {isa = PBXFileReference; includeInIndex = 1; lastKnownFileType = text.xcconfig; name = "Pods-3wt.debug.xcconfig"; path = "Pods/Target Support Files/Pods-3wt/Pods-3wt.debug.xcconfig"; sourceTree = "<group>"; };
		F2E4A09C485CE58F7650CC27 /* Pods-3wt.release.xcconfig */ = {isa = PBXFileReference; includeInIndex = 1; lastKnownFileType = text.xcconfig; name = "Pods-3wt.release.xcconfig"; path = "Pods/Target Support Files/Pods-3wt/Pods-3wt.release.xcconfig"; sourceTree = "<group>"; };
/* End PBXFileReference section */

/* Begin PBXFrameworksBuildPhase section */
		59E97E242050606300A99230 /* Frameworks */ = {
			isa = PBXFrameworksBuildPhase;
			buildActionMask = 2147483647;
			files = (
				E42EE6D68FF12F8143D89ACB /* Pods_3wt.framework in Frameworks */,
			);
			runOnlyForDeploymentPostprocessing = 0;
		};
/* End PBXFrameworksBuildPhase section */

/* Begin PBXGroup section */
		597406B7214EE78D007DE556 /* Keys */ = {
			isa = PBXGroup;
			children = (
				597406B8214EE7D2007DE556 /* APIKeys.swift */,
			);
			name = Keys;
			path = ../Keys;
			sourceTree = "<group>";
		};
		59CDA2952131E90F00E84563 /* Helpers */ = {
			isa = PBXGroup;
			children = (
				59CDA2962131E92E00E84563 /* Extensions.swift */,
			);
			path = Helpers;
			sourceTree = "<group>";
		};
		59E97E1E2050606300A99230 = {
			isa = PBXGroup;
			children = (
				5981C60A21421FC800034BF0 /* Launch.storyboard */,
				59E97E292050606400A99230 /* 3wt */,
				59E97E282050606400A99230 /* Products */,
				8638C1802FBE9829A5687EC8 /* Pods */,
				5F351B9E07A537073B1C5B03 /* Frameworks */,
			);
			sourceTree = "<group>";
		};
		59E97E282050606400A99230 /* Products */ = {
			isa = PBXGroup;
			children = (
				59E97E272050606400A99230 /* 3wt.app */,
			);
			name = Products;
			sourceTree = "<group>";
		};
		59E97E292050606400A99230 /* 3wt */ = {
			isa = PBXGroup;
			children = (
				5981C60C21422D0100034BF0 /* 3wt.entitlements */,
				59E97E2A2050606400A99230 /* AppDelegate.swift */,
				59E97E312050606400A99230 /* Assets.xcassets */,
				593A5EC12054D741002C315A /* airports.json */,
				59E97E452050A05700A99230 /* Controller */,
				59CDA2952131E90F00E84563 /* Helpers */,
				59E97E442050A04900A99230 /* Model */,
				597406B7214EE78D007DE556 /* Keys */,
				59EC5AE7212900DA002481EF /* Views */,
				59E97E362050606400A99230 /* Info.plist */,
				59F7A8C6213E32520022D698 /* GoogleService-Info.plist */,
			);
			path = 3wt;
			sourceTree = "<group>";
		};
		59E97E442050A04900A99230 /* Model */ = {
			isa = PBXGroup;
			children = (
				59EC5AE4212900B1002481EF /* DatasourceFiles */,
				59E97E462050A0A000A99230 /* Booking.swift */,
				593A5EBF2054D51E002C315A /* Airport.swift */,
				59F7A8AA21331B030022D698 /* Pilot.swift */,
				59EC5AE02128FE30002481EF /* Request.swift */,
				597DD4262127F7B400469D18 /* WTUser.swift */,
			);
			path = Model;
			sourceTree = "<group>";
		};
		59E97E452050A05700A99230 /* Controller */ = {
			isa = PBXGroup;
			children = (
				59E97E3E205064D900A99230 /* AboutViewController.swift */,
				59E97E4220506D9700A99230 /* BookViewController.swift */,
				59F7A8C821401AC60022D698 /* BookViewController+handlers.swift */,
				593A5EC32054F3DE002C315A /* ConfirmationController.swift */,
				59E97E3C2050615700A99230 /* CustomTabBarController.swift */,
				59F7A8BC213B475D0022D698 /* HistoryDatasourceController.swift */,
				597DD4242127F62B00469D18 /* LoginViewController.swift */,
				59F7A8AC213338A30022D698 /* LoginViewController+handlers.swift */,
				59CDA2932131E5DE00E84563 /* ProfileDatasourceController.swift */,
				59F7A8A62131EC650022D698 /* ProfileDatasourceController+handlers.swift */,
				59F7A8A821326F7A0022D698 /* ProfilePilotDetailController.swift */,
				59F7A8AE2133A4980022D698 /* RequestDetailController.swift */,
				59EC5AE22129009E002481EF /* RequestListDatasourceController.swift */,
				59EC5AEC21290447002481EF /* RequestListDatasourceController+handlers.swift */,
				59F7A8B7213A64970022D698 /* RequestResponseViewController.swift */,
				59F7A8C4213E309E0022D698 /* RequestConfirmationController.swift */,
				59EC5AEE21293890002481EF /* RequestAddController.swift */,
			);
			name = Controller;
			path = "New Group";
			sourceTree = "<group>";
		};
		59EC5AE4212900B1002481EF /* DatasourceFiles */ = {
			isa = PBXGroup;
			children = (
				59F7A8B9213B45810022D698 /* HistoryDatasource.swift */,
				59EC5AE5212900CC002481EF /* RequestListDatasource.swift */,
				59CDA28F2131E2EB00E84563 /* ProfileDatasource.swift */,
			);
			path = DatasourceFiles;
			sourceTree = "<group>";
		};
		59EC5AE7212900DA002481EF /* Views */ = {
			isa = PBXGroup;
			children = (
				59F7A8BE213B48750022D698 /* HistoryCells.swift */,
				59CDA2912131E38D00E84563 /* ProfileCells.swift */,
				59EC5AEA2129014B002481EF /* RequestListCell.swift */,
				59EC5AE821290133002481EF /* StandardHeaderFooter.swift */,
			);
			path = Views;
			sourceTree = "<group>";
		};
		5F351B9E07A537073B1C5B03 /* Frameworks */ = {
			isa = PBXGroup;
			children = (
				1D22B0D219185324F425AB11 /* Pods_3wt.framework */,
			);
			name = Frameworks;
			sourceTree = "<group>";
		};
		8638C1802FBE9829A5687EC8 /* Pods */ = {
			isa = PBXGroup;
			children = (
				8EC71524764BDEE0E6C8C0AF /* Pods-3wt.debug.xcconfig */,
				F2E4A09C485CE58F7650CC27 /* Pods-3wt.release.xcconfig */,
			);
			name = Pods;
			sourceTree = "<group>";
		};
/* End PBXGroup section */

/* Begin PBXNativeTarget section */
		59E97E262050606300A99230 /* 3wt */ = {
			isa = PBXNativeTarget;
			buildConfigurationList = 59E97E392050606400A99230 /* Build configuration list for PBXNativeTarget "3wt" */;
			buildPhases = (
				ACAA3816AE9FFE3DE95AD33B /* [CP] Check Pods Manifest.lock */,
				59E97E232050606300A99230 /* Sources */,
				59E97E242050606300A99230 /* Frameworks */,
				59E97E252050606300A99230 /* Resources */,
				0C8344EEBF03925B57E93DA6 /* [CP] Embed Pods Frameworks */,
			);
			buildRules = (
			);
			dependencies = (
			);
			name = 3wt;
			productName = 3wt;
			productReference = 59E97E272050606400A99230 /* 3wt.app */;
			productType = "com.apple.product-type.application";
		};
/* End PBXNativeTarget section */

/* Begin PBXProject section */
		59E97E1F2050606300A99230 /* Project object */ = {
			isa = PBXProject;
			attributes = {
				LastSwiftUpdateCheck = 0920;
				LastUpgradeCheck = 0920;
				ORGANIZATIONNAME = leftyseth;
				TargetAttributes = {
					59E97E262050606300A99230 = {
						CreatedOnToolsVersion = 9.2;
						ProvisioningStyle = Automatic;
						SystemCapabilities = {
							com.apple.Push = {
								enabled = 1;
							};
						};
					};
				};
			};
			buildConfigurationList = 59E97E222050606300A99230 /* Build configuration list for PBXProject "3wt" */;
			compatibilityVersion = "Xcode 8.0";
			developmentRegion = en;
			hasScannedForEncodings = 0;
			knownRegions = (
				en,
				Base,
			);
			mainGroup = 59E97E1E2050606300A99230;
			productRefGroup = 59E97E282050606400A99230 /* Products */;
			projectDirPath = "";
			projectRoot = "";
			targets = (
				59E97E262050606300A99230 /* 3wt */,
			);
		};
/* End PBXProject section */

/* Begin PBXResourcesBuildPhase section */
		59E97E252050606300A99230 /* Resources */ = {
			isa = PBXResourcesBuildPhase;
			buildActionMask = 2147483647;
			files = (
				59E97E322050606400A99230 /* Assets.xcassets in Resources */,
				593A5EC22054D741002C315A /* airports.json in Resources */,
				59F7A8C7213E32520022D698 /* GoogleService-Info.plist in Resources */,
				5981C60B21421FC800034BF0 /* Launch.storyboard in Resources */,
			);
			runOnlyForDeploymentPostprocessing = 0;
		};
/* End PBXResourcesBuildPhase section */

/* Begin PBXShellScriptBuildPhase section */
		0C8344EEBF03925B57E93DA6 /* [CP] Embed Pods Frameworks */ = {
			isa = PBXShellScriptBuildPhase;
			buildActionMask = 2147483647;
			files = (
			);
			inputPaths = (
				"${SRCROOT}/Pods/Target Support Files/Pods-3wt/Pods-3wt-frameworks.sh",
				"${BUILT_PRODUCTS_DIR}/AeroGearHttp/AeroGearHttp.framework",
				"${BUILT_PRODUCTS_DIR}/AeroGearOAuth2/AeroGearOAuth2.framework",
				"${BUILT_PRODUCTS_DIR}/Alamofire/Alamofire.framework",
				"${BUILT_PRODUCTS_DIR}/BoringSSL/openssl.framework",
				"${BUILT_PRODUCTS_DIR}/GTMSessionFetcher/GTMSessionFetcher.framework",
				"${BUILT_PRODUCTS_DIR}/GoogleToolboxForMac/GoogleToolboxForMac.framework",
				"${BUILT_PRODUCTS_DIR}/LBTAComponents/LBTAComponents.framework",
				"${BUILT_PRODUCTS_DIR}/Protobuf/Protobuf.framework",
				"${BUILT_PRODUCTS_DIR}/SearchTextField/SearchTextField.framework",
				"${BUILT_PRODUCTS_DIR}/gRPC/GRPCClient.framework",
				"${BUILT_PRODUCTS_DIR}/gRPC-Core/grpc.framework",
				"${BUILT_PRODUCTS_DIR}/gRPC-ProtoRPC/ProtoRPC.framework",
				"${BUILT_PRODUCTS_DIR}/gRPC-RxLibrary/RxLibrary.framework",
				"${BUILT_PRODUCTS_DIR}/leveldb-library/leveldb.framework",
				"${BUILT_PRODUCTS_DIR}/nanopb/nanopb.framework",
			);
			name = "[CP] Embed Pods Frameworks";
			outputPaths = (
				"${TARGET_BUILD_DIR}/${FRAMEWORKS_FOLDER_PATH}/AeroGearHttp.framework",
				"${TARGET_BUILD_DIR}/${FRAMEWORKS_FOLDER_PATH}/AeroGearOAuth2.framework",
				"${TARGET_BUILD_DIR}/${FRAMEWORKS_FOLDER_PATH}/Alamofire.framework",
				"${TARGET_BUILD_DIR}/${FRAMEWORKS_FOLDER_PATH}/openssl.framework",
				"${TARGET_BUILD_DIR}/${FRAMEWORKS_FOLDER_PATH}/GTMSessionFetcher.framework",
				"${TARGET_BUILD_DIR}/${FRAMEWORKS_FOLDER_PATH}/GoogleToolboxForMac.framework",
				"${TARGET_BUILD_DIR}/${FRAMEWORKS_FOLDER_PATH}/LBTAComponents.framework",
				"${TARGET_BUILD_DIR}/${FRAMEWORKS_FOLDER_PATH}/Protobuf.framework",
				"${TARGET_BUILD_DIR}/${FRAMEWORKS_FOLDER_PATH}/SearchTextField.framework",
				"${TARGET_BUILD_DIR}/${FRAMEWORKS_FOLDER_PATH}/GRPCClient.framework",
				"${TARGET_BUILD_DIR}/${FRAMEWORKS_FOLDER_PATH}/grpc.framework",
				"${TARGET_BUILD_DIR}/${FRAMEWORKS_FOLDER_PATH}/ProtoRPC.framework",
				"${TARGET_BUILD_DIR}/${FRAMEWORKS_FOLDER_PATH}/RxLibrary.framework",
				"${TARGET_BUILD_DIR}/${FRAMEWORKS_FOLDER_PATH}/leveldb.framework",
				"${TARGET_BUILD_DIR}/${FRAMEWORKS_FOLDER_PATH}/nanopb.framework",
			);
			runOnlyForDeploymentPostprocessing = 0;
			shellPath = /bin/sh;
			shellScript = "\"${SRCROOT}/Pods/Target Support Files/Pods-3wt/Pods-3wt-frameworks.sh\"\n";
			showEnvVarsInLog = 0;
		};
		ACAA3816AE9FFE3DE95AD33B /* [CP] Check Pods Manifest.lock */ = {
			isa = PBXShellScriptBuildPhase;
			buildActionMask = 2147483647;
			files = (
			);
			inputPaths = (
				"${PODS_PODFILE_DIR_PATH}/Podfile.lock",
				"${PODS_ROOT}/Manifest.lock",
			);
			name = "[CP] Check Pods Manifest.lock";
			outputPaths = (
				"$(DERIVED_FILE_DIR)/Pods-3wt-checkManifestLockResult.txt",
			);
			runOnlyForDeploymentPostprocessing = 0;
			shellPath = /bin/sh;
			shellScript = "diff \"${PODS_PODFILE_DIR_PATH}/Podfile.lock\" \"${PODS_ROOT}/Manifest.lock\" > /dev/null\nif [ $? != 0 ] ; then\n    # print error to STDERR\n    echo \"error: The sandbox is not in sync with the Podfile.lock. Run 'pod install' or update your CocoaPods installation.\" >&2\n    exit 1\nfi\n# This output is used by Xcode 'outputs' to avoid re-running this script phase.\necho \"SUCCESS\" > \"${SCRIPT_OUTPUT_FILE_0}\"\n";
			showEnvVarsInLog = 0;
		};
/* End PBXShellScriptBuildPhase section */

/* Begin PBXSourcesBuildPhase section */
		59E97E232050606300A99230 /* Sources */ = {
			isa = PBXSourcesBuildPhase;
			buildActionMask = 2147483647;
			files = (
				59F7A8AD213338A30022D698 /* LoginViewController+handlers.swift in Sources */,
				59EC5AE6212900CC002481EF /* RequestListDatasource.swift in Sources */,
				59F7A8AF2133A4980022D698 /* RequestDetailController.swift in Sources */,
				59F7A8A72131EC650022D698 /* ProfileDatasourceController+handlers.swift in Sources */,
				59E97E472050A0A000A99230 /* Booking.swift in Sources */,
				59EC5AE12128FE30002481EF /* Request.swift in Sources */,
				59E97E2B2050606400A99230 /* AppDelegate.swift in Sources */,
				593A5EC02054D51E002C315A /* Airport.swift in Sources */,
				59EC5AEB2129014B002481EF /* RequestListCell.swift in Sources */,
				59EC5AE32129009E002481EF /* RequestListDatasourceController.swift in Sources */,
				59F7A8B8213A64980022D698 /* RequestResponseViewController.swift in Sources */,
				59EC5AE921290133002481EF /* StandardHeaderFooter.swift in Sources */,
				59EC5AED21290447002481EF /* RequestListDatasourceController+handlers.swift in Sources */,
				59CDA2972131E92E00E84563 /* Extensions.swift in Sources */,
				593A5EC42054F3DF002C315A /* ConfirmationController.swift in Sources */,
				59F7A8C921401AC60022D698 /* BookViewController+handlers.swift in Sources */,
				59E97E4320506D9800A99230 /* BookViewController.swift in Sources */,
				59EC5AEF21293890002481EF /* RequestAddController.swift in Sources */,
				59F7A8AB21331B030022D698 /* Pilot.swift in Sources */,
				59F7A8C5213E309E0022D698 /* RequestConfirmationController.swift in Sources */,
				59E97E3F205064D900A99230 /* AboutViewController.swift in Sources */,
				59E97E3D2050615800A99230 /* CustomTabBarController.swift in Sources */,
				59F7A8BF213B48750022D698 /* HistoryCells.swift in Sources */,
				59CDA2922131E38D00E84563 /* ProfileCells.swift in Sources */,
				59CDA2942131E5DE00E84563 /* ProfileDatasourceController.swift in Sources */,
				59F7A8A921326F7A0022D698 /* ProfilePilotDetailController.swift in Sources */,
				59F7A8BD213B475D0022D698 /* HistoryDatasourceController.swift in Sources */,
				597DD4272127F7B400469D18 /* WTUser.swift in Sources */,
				597DD4252127F62B00469D18 /* LoginViewController.swift in Sources */,
				59CDA2902131E2EB00E84563 /* ProfileDatasource.swift in Sources */,
				597406B9214EE7D2007DE556 /* APIKeys.swift in Sources */,
				59F7A8BA213B45810022D698 /* HistoryDatasource.swift in Sources */,
			);
			runOnlyForDeploymentPostprocessing = 0;
		};
/* End PBXSourcesBuildPhase section */

/* Begin XCBuildConfiguration section */
		59E97E372050606400A99230 /* Debug */ = {
			isa = XCBuildConfiguration;
			buildSettings = {
				ALWAYS_SEARCH_USER_PATHS = NO;
				CLANG_ANALYZER_NONNULL = YES;
				CLANG_ANALYZER_NUMBER_OBJECT_CONVERSION = YES_AGGRESSIVE;
				CLANG_CXX_LANGUAGE_STANDARD = "gnu++14";
				CLANG_CXX_LIBRARY = "libc++";
				CLANG_ENABLE_MODULES = YES;
				CLANG_ENABLE_OBJC_ARC = YES;
				CLANG_WARN_BLOCK_CAPTURE_AUTORELEASING = YES;
				CLANG_WARN_BOOL_CONVERSION = YES;
				CLANG_WARN_COMMA = YES;
				CLANG_WARN_CONSTANT_CONVERSION = YES;
				CLANG_WARN_DIRECT_OBJC_ISA_USAGE = YES_ERROR;
				CLANG_WARN_DOCUMENTATION_COMMENTS = YES;
				CLANG_WARN_EMPTY_BODY = YES;
				CLANG_WARN_ENUM_CONVERSION = YES;
				CLANG_WARN_INFINITE_RECURSION = YES;
				CLANG_WARN_INT_CONVERSION = YES;
				CLANG_WARN_NON_LITERAL_NULL_CONVERSION = YES;
				CLANG_WARN_OBJC_LITERAL_CONVERSION = YES;
				CLANG_WARN_OBJC_ROOT_CLASS = YES_ERROR;
				CLANG_WARN_RANGE_LOOP_ANALYSIS = YES;
				CLANG_WARN_STRICT_PROTOTYPES = YES;
				CLANG_WARN_SUSPICIOUS_MOVE = YES;
				CLANG_WARN_UNGUARDED_AVAILABILITY = YES_AGGRESSIVE;
				CLANG_WARN_UNREACHABLE_CODE = YES;
				CLANG_WARN__DUPLICATE_METHOD_MATCH = YES;
				CODE_SIGN_IDENTITY = "iPhone Developer";
				COPY_PHASE_STRIP = NO;
				DEBUG_INFORMATION_FORMAT = dwarf;
				ENABLE_STRICT_OBJC_MSGSEND = YES;
				ENABLE_TESTABILITY = YES;
				GCC_C_LANGUAGE_STANDARD = gnu11;
				GCC_DYNAMIC_NO_PIC = NO;
				GCC_NO_COMMON_BLOCKS = YES;
				GCC_OPTIMIZATION_LEVEL = 0;
				GCC_PREPROCESSOR_DEFINITIONS = (
					"DEBUG=1",
					"$(inherited)",
				);
				GCC_WARN_64_TO_32_BIT_CONVERSION = YES;
				GCC_WARN_ABOUT_RETURN_TYPE = YES_ERROR;
				GCC_WARN_UNDECLARED_SELECTOR = YES;
				GCC_WARN_UNINITIALIZED_AUTOS = YES_AGGRESSIVE;
				GCC_WARN_UNUSED_FUNCTION = YES;
				GCC_WARN_UNUSED_VARIABLE = YES;
				IPHONEOS_DEPLOYMENT_TARGET = 11.2;
				MTL_ENABLE_DEBUG_INFO = YES;
				ONLY_ACTIVE_ARCH = YES;
				SDKROOT = iphoneos;
				SWIFT_ACTIVE_COMPILATION_CONDITIONS = DEBUG;
				SWIFT_OPTIMIZATION_LEVEL = "-Onone";
			};
			name = Debug;
		};
		59E97E382050606400A99230 /* Release */ = {
			isa = XCBuildConfiguration;
			buildSettings = {
				ALWAYS_SEARCH_USER_PATHS = NO;
				CLANG_ANALYZER_NONNULL = YES;
				CLANG_ANALYZER_NUMBER_OBJECT_CONVERSION = YES_AGGRESSIVE;
				CLANG_CXX_LANGUAGE_STANDARD = "gnu++14";
				CLANG_CXX_LIBRARY = "libc++";
				CLANG_ENABLE_MODULES = YES;
				CLANG_ENABLE_OBJC_ARC = YES;
				CLANG_WARN_BLOCK_CAPTURE_AUTORELEASING = YES;
				CLANG_WARN_BOOL_CONVERSION = YES;
				CLANG_WARN_COMMA = YES;
				CLANG_WARN_CONSTANT_CONVERSION = YES;
				CLANG_WARN_DIRECT_OBJC_ISA_USAGE = YES_ERROR;
				CLANG_WARN_DOCUMENTATION_COMMENTS = YES;
				CLANG_WARN_EMPTY_BODY = YES;
				CLANG_WARN_ENUM_CONVERSION = YES;
				CLANG_WARN_INFINITE_RECURSION = YES;
				CLANG_WARN_INT_CONVERSION = YES;
				CLANG_WARN_NON_LITERAL_NULL_CONVERSION = YES;
				CLANG_WARN_OBJC_LITERAL_CONVERSION = YES;
				CLANG_WARN_OBJC_ROOT_CLASS = YES_ERROR;
				CLANG_WARN_RANGE_LOOP_ANALYSIS = YES;
				CLANG_WARN_STRICT_PROTOTYPES = YES;
				CLANG_WARN_SUSPICIOUS_MOVE = YES;
				CLANG_WARN_UNGUARDED_AVAILABILITY = YES_AGGRESSIVE;
				CLANG_WARN_UNREACHABLE_CODE = YES;
				CLANG_WARN__DUPLICATE_METHOD_MATCH = YES;
				CODE_SIGN_IDENTITY = "iPhone Developer";
				COPY_PHASE_STRIP = NO;
				DEBUG_INFORMATION_FORMAT = "dwarf-with-dsym";
				ENABLE_NS_ASSERTIONS = NO;
				ENABLE_STRICT_OBJC_MSGSEND = YES;
				GCC_C_LANGUAGE_STANDARD = gnu11;
				GCC_NO_COMMON_BLOCKS = YES;
				GCC_WARN_64_TO_32_BIT_CONVERSION = YES;
				GCC_WARN_ABOUT_RETURN_TYPE = YES_ERROR;
				GCC_WARN_UNDECLARED_SELECTOR = YES;
				GCC_WARN_UNINITIALIZED_AUTOS = YES_AGGRESSIVE;
				GCC_WARN_UNUSED_FUNCTION = YES;
				GCC_WARN_UNUSED_VARIABLE = YES;
				IPHONEOS_DEPLOYMENT_TARGET = 11.2;
				MTL_ENABLE_DEBUG_INFO = NO;
				SDKROOT = iphoneos;
				SWIFT_OPTIMIZATION_LEVEL = "-Owholemodule";
				VALIDATE_PRODUCT = YES;
			};
			name = Release;
		};
		59E97E3A2050606400A99230 /* Debug */ = {
			isa = XCBuildConfiguration;
			baseConfigurationReference = 8EC71524764BDEE0E6C8C0AF /* Pods-3wt.debug.xcconfig */;
			buildSettings = {
				ASSETCATALOG_COMPILER_APPICON_NAME = AppIcon;
				CODE_SIGN_ENTITLEMENTS = 3wt/3wt.entitlements;
				CODE_SIGN_STYLE = Automatic;
				DEVELOPMENT_TEAM = FUT9ZPXYCH;
				INFOPLIST_FILE = 3wt/Info.plist;
				LD_RUNPATH_SEARCH_PATHS = "$(inherited) @executable_path/Frameworks";
				PRODUCT_BUNDLE_IDENTIFIER = com.leftyseth.whiskeytango;
				PRODUCT_NAME = "$(TARGET_NAME)";
				SWIFT_VERSION = 4.0;
				TARGETED_DEVICE_FAMILY = 1;
			};
			name = Debug;
		};
		59E97E3B2050606400A99230 /* Release */ = {
			isa = XCBuildConfiguration;
			baseConfigurationReference = F2E4A09C485CE58F7650CC27 /* Pods-3wt.release.xcconfig */;
			buildSettings = {
				ASSETCATALOG_COMPILER_APPICON_NAME = AppIcon;
				CODE_SIGN_ENTITLEMENTS = 3wt/3wt.entitlements;
				CODE_SIGN_STYLE = Automatic;
				DEVELOPMENT_TEAM = FUT9ZPXYCH;
				INFOPLIST_FILE = 3wt/Info.plist;
				LD_RUNPATH_SEARCH_PATHS = "$(inherited) @executable_path/Frameworks";
				PRODUCT_BUNDLE_IDENTIFIER = com.leftyseth.whiskeytango;
				PRODUCT_NAME = "$(TARGET_NAME)";
				SWIFT_VERSION = 4.0;
				TARGETED_DEVICE_FAMILY = 1;
			};
			name = Release;
		};
/* End XCBuildConfiguration section */

/* Begin XCConfigurationList section */
		59E97E222050606300A99230 /* Build configuration list for PBXProject "3wt" */ = {
			isa = XCConfigurationList;
			buildConfigurations = (
				59E97E372050606400A99230 /* Debug */,
				59E97E382050606400A99230 /* Release */,
			);
			defaultConfigurationIsVisible = 0;
			defaultConfigurationName = Release;
		};
		59E97E392050606400A99230 /* Build configuration list for PBXNativeTarget "3wt" */ = {
			isa = XCConfigurationList;
			buildConfigurations = (
				59E97E3A2050606400A99230 /* Debug */,
				59E97E3B2050606400A99230 /* Release */,
			);
			defaultConfigurationIsVisible = 0;
			defaultConfigurationName = Release;
		};
/* End XCConfigurationList section */
	};
	rootObject = 59E97E1F2050606300A99230 /* Project object */;
}
